
Microsoft Visual Studio Solution File, Format Version 12.00
# Visual Studio Express 2012 for Web
Project("{FAE04EC0-301F-11D3-BF4B-00C04F79EFBC}") = "Padooz", "Padooz\Padooz.csproj", "{B45B4489-BEB8-40CF-BAF9-BA50502DE0C7}"
EndProject
Project("{FAE04EC0-301F-11D3-BF4B-00C04F79EFBC}") = "Padooz.Tests", "Padooz.Tests\Padooz.Tests.csproj", "{0A79328F-1F84-4918-9586-661E015EF425}"
EndProject
Global
	GlobalSection(SolutionConfigurationPlatforms) = preSolution
		Debug|Any CPU = Debug|Any CPU
		Release|Any CPU = Release|Any CPU
	EndGlobalSection
	GlobalSection(ProjectConfigurationPlatforms) = postSolution
		{B45B4489-BEB8-40CF-BAF9-BA50502DE0C7}.Debug|Any CPU.ActiveCfg = Debug|Any CPU
		{B45B4489-BEB8-40CF-BAF9-BA50502DE0C7}.Debug|Any CPU.Build.0 = Debug|Any CPU
		{B45B4489-BEB8-40CF-BAF9-BA50502DE0C7}.Release|Any CPU.ActiveCfg = Release|Any CPU
		{B45B4489-BEB8-40CF-BAF9-BA50502DE0C7}.Release|Any CPU.Build.0 = Release|Any CPU
		{0A79328F-1F84-4918-9586-661E015EF425}.Debug|Any CPU.ActiveCfg = Debug|Any CPU
		{0A79328F-1F84-4918-9586-661E015EF425}.Debug|Any CPU.Build.0 = Debug|Any CPU
		{0A79328F-1F84-4918-9586-661E015EF425}.Release|Any CPU.ActiveCfg = Release|Any CPU
		{0A79328F-1F84-4918-9586-661E015EF425}.Release|Any CPU.Build.0 = Release|Any CPU
	EndGlobalSection
	GlobalSection(SolutionProperties) = preSolution
		HideSolutionNode = FALSE
	EndGlobalSection
EndGlobal
